{"version":4,"terraform_version":"1.9.1","serial":17,"lineage":"e69f0466-07f1-678f-ba92-27d2302834f0","outputs":{},"resources":[{"mode":"data","type":"aws_iam_policy_document","name":"assume_role","provider":"provider[\"registry.opentofu.org/hashicorp/aws\"]","instances":[{"schema_version":0,"attributes":{"id":"2690255455","json":"{\n  \"Version\": \"2012-10-17\",\n  \"Statement\": [\n    {\n      \"Effect\": \"Allow\",\n      \"Action\": \"sts:AssumeRole\",\n      \"Principal\": {\n        \"Service\": \"lambda.amazonaws.com\"\n      }\n    }\n  ]\n}","minified_json":"{\"Version\":\"2012-10-17\",\"Statement\":[{\"Effect\":\"Allow\",\"Action\":\"sts:AssumeRole\",\"Principal\":{\"Service\":\"lambda.amazonaws.com\"}}]}","override_json":null,"override_policy_documents":null,"policy_id":null,"source_json":null,"source_policy_documents":null,"statement":[{"actions":["sts:AssumeRole"],"condition":[],"effect":"Allow","not_actions":[],"not_principals":[],"not_resources":[],"principals":[{"identifiers":["lambda.amazonaws.com"],"type":"Service"}],"resources":[],"sid":""}],"version":"2012-10-17"},"sensitive_attributes":[]}]},{"mode":"managed","type":"aws_iam_role","name":"eventbridge_invoke_lambda","provider":"provider[\"registry.opentofu.org/hashicorp/aws\"]","instances":[{"schema_version":0,"attributes":{"arn":"arn:aws:iam::569168217550:role/eventbridge_invoke_lambda","assume_role_policy":"{\"Statement\":[{\"Action\":\"sts:AssumeRole\",\"Effect\":\"Allow\",\"Principal\":{\"Service\":\"scheduler.amazonaws.com\"}}],\"Version\":\"2012-10-17\"}","create_date":"2025-06-01T15:54:36Z","description":"","force_detach_policies":false,"id":"eventbridge_invoke_lambda","inline_policy":[{"name":"invoke_lambda","policy":"{\"Version\":\"2012-10-17\",\"Statement\":[{\"Action\":\"lambda:InvokeFunction\",\"Effect\":\"Allow\",\"Resource\":\"arn:aws:lambda:us-east-1:569168217550:function:finance-advisor\"}]}"}],"managed_policy_arns":[],"max_session_duration":3600,"name":"eventbridge_invoke_lambda","name_prefix":"","path":"/","permissions_boundary":"","tags":{},"tags_all":{},"unique_id":"AROAYJBIRYXHLZQOWPHJF"},"sensitive_attributes":[],"private":"bnVsbA=="}]},{"mode":"managed","type":"aws_iam_role","name":"iam_for_lambda","provider":"provider[\"registry.opentofu.org/hashicorp/aws\"]","instances":[{"schema_version":0,"attributes":{"arn":"arn:aws:iam::569168217550:role/iam_for_lambda","assume_role_policy":"{\"Statement\":[{\"Action\":\"sts:AssumeRole\",\"Effect\":\"Allow\",\"Principal\":{\"Service\":\"lambda.amazonaws.com\"}}],\"Version\":\"2012-10-17\"}","create_date":"2025-06-01T11:00:10Z","description":"","force_detach_policies":false,"id":"iam_for_lambda","inline_policy":[],"managed_policy_arns":[],"max_session_duration":3600,"name":"iam_for_lambda","name_prefix":"","path":"/","permissions_boundary":"","tags":{},"tags_all":{},"unique_id":"AROAYJBIRYXHGRUZ7MA3B"},"sensitive_attributes":[],"private":"bnVsbA==","dependencies":["data.aws_iam_policy_document.assume_role"]}]},{"mode":"managed","type":"aws_iam_role_policy","name":"invoke_lambda_policy","provider":"provider[\"registry.opentofu.org/hashicorp/aws\"]","instances":[{"schema_version":0,"attributes":{"id":"eventbridge_invoke_lambda:invoke_lambda","name":"invoke_lambda","name_prefix":"","policy":"{\"Version\":\"2012-10-17\",\"Statement\":[{\"Action\":\"lambda:InvokeFunction\",\"Effect\":\"Allow\",\"Resource\":\"arn:aws:lambda:us-east-1:569168217550:function:finance-advisor\"}]}","role":"eventbridge_invoke_lambda"},"sensitive_attributes":[],"private":"bnVsbA==","dependencies":["aws_iam_role.eventbridge_invoke_lambda","aws_iam_role.iam_for_lambda","aws_lambda_function.finance_advisor","data.aws_iam_policy_document.assume_role"]}]},{"mode":"managed","type":"aws_lambda_function","name":"finance_advisor","provider":"provider[\"registry.opentofu.org/hashicorp/aws\"]","instances":[{"schema_version":0,"attributes":{"architectures":["arm64"],"arn":"arn:aws:lambda:us-east-1:569168217550:function:finance-advisor","code_sha256":"4O37ueAV+UWHbkvVAKTbIGyDXGaKe1RssEQYZVeQlgI=","code_signing_config_arn":"","dead_letter_config":[],"description":"","environment":[],"ephemeral_storage":[{"size":512}],"file_system_config":[],"filename":"finance-advisor/lambda-handler.zip","function_name":"finance-advisor","handler":"bootstrap","id":"finance-advisor","image_config":[],"image_uri":"","invoke_arn":"arn:aws:apigateway:us-east-1:lambda:path/2015-03-31/functions/arn:aws:lambda:us-east-1:569168217550:function:finance-advisor/invocations","kms_key_arn":"","last_modified":"2025-06-19T09:58:54.000+0000","layers":[],"logging_config":[{"application_log_level":"","log_format":"Text","log_group":"/aws/lambda/finance-advisor","system_log_level":""}],"memory_size":128,"package_type":"Zip","publish":false,"qualified_arn":"arn:aws:lambda:us-east-1:569168217550:function:finance-advisor:$LATEST","qualified_invoke_arn":"arn:aws:apigateway:us-east-1:lambda:path/2015-03-31/functions/arn:aws:lambda:us-east-1:569168217550:function:finance-advisor:$LATEST/invocations","replace_security_groups_on_destroy":null,"replacement_security_group_ids":null,"reserved_concurrent_executions":-1,"role":"arn:aws:iam::569168217550:role/iam_for_lambda","runtime":"provided.al2023","s3_bucket":"","s3_key":"","s3_object_version":null,"signing_job_arn":"","signing_profile_version_arn":"","skip_destroy":false,"snap_start":[],"source_code_hash":"m03fUB+7vSkeXpDswjizz6918p7r2+AdNKqW29vZAls=","source_code_size":4338641,"tags":{},"tags_all":{},"timeout":60,"timeouts":null,"tracing_config":[{"mode":"PassThrough"}],"version":"$LATEST","vpc_config":[]},"sensitive_attributes":[],"private":"eyJlMmJmYjczMC1lY2FhLTExZTYtOGY4OC0zNDM2M2JjN2M0YzAiOnsiY3JlYXRlIjo2MDAwMDAwMDAwMDAsImRlbGV0ZSI6NjAwMDAwMDAwMDAwLCJ1cGRhdGUiOjYwMDAwMDAwMDAwMH19","dependencies":["aws_iam_role.iam_for_lambda","data.aws_iam_policy_document.assume_role"]}]},{"mode":"managed","type":"aws_s3_bucket","name":"finance_advisor_bucket","provider":"provider[\"registry.opentofu.org/hashicorp/aws\"]","instances":[{"schema_version":0,"attributes":{"acceleration_status":"","acl":null,"arn":"arn:aws:s3:::finance-advisor-bucket","bucket":"finance-advisor-bucket","bucket_domain_name":"finance-advisor-bucket.s3.amazonaws.com","bucket_prefix":"","bucket_regional_domain_name":"finance-advisor-bucket.s3.us-east-1.amazonaws.com","cors_rule":[],"force_destroy":false,"grant":[{"id":"53924e24dcf6a57fb3947fc91f64611c0bd33bbae2b175d2ecbe60661a6683d2","permissions":["FULL_CONTROL"],"type":"CanonicalUser","uri":""}],"hosted_zone_id":"Z3AQBSTGFYJSTF","id":"finance-advisor-bucket","lifecycle_rule":[],"logging":[],"object_lock_configuration":[],"object_lock_enabled":false,"policy":"","region":"us-east-1","replication_configuration":[],"request_payer":"BucketOwner","server_side_encryption_configuration":[{"rule":[{"apply_server_side_encryption_by_default":[{"kms_master_key_id":"","sse_algorithm":"AES256"}],"bucket_key_enabled":false}]}],"tags":{"Environment":"Dev","Name":"Lambda Deployment Bucket"},"tags_all":{"Environment":"Dev","Name":"Lambda Deployment Bucket"},"timeouts":null,"versioning":[{"enabled":false,"mfa_delete":false}],"website":[],"website_domain":null,"website_endpoint":null},"sensitive_attributes":[],"private":"eyJlMmJmYjczMC1lY2FhLTExZTYtOGY4OC0zNDM2M2JjN2M0YzAiOnsiY3JlYXRlIjoxMjAwMDAwMDAwMDAwLCJkZWxldGUiOjM2MDAwMDAwMDAwMDAsInJlYWQiOjEyMDAwMDAwMDAwMDAsInVwZGF0ZSI6MTIwMDAwMDAwMDAwMH19"}]},{"mode":"managed","type":"aws_scheduler_schedule","name":"finance_advisor_schedule","provider":"provider[\"registry.opentofu.org/hashicorp/aws\"]","instances":[{"schema_version":0,"attributes":{"arn":"arn:aws:scheduler:us-east-1:569168217550:schedule/default/finance-advisor-schedule","description":"","end_date":"","flexible_time_window":[{"maximum_window_in_minutes":0,"mode":"OFF"}],"group_name":"default","id":"default/finance-advisor-schedule","kms_key_arn":"","name":"finance-advisor-schedule","name_prefix":"","schedule_expression":"cron(0 20 ? * MON-FRI *)","schedule_expression_timezone":"America/Sao_Paulo","start_date":"","state":"ENABLED","target":[{"arn":"arn:aws:lambda:us-east-1:569168217550:function:finance-advisor","dead_letter_config":[],"ecs_parameters":[],"eventbridge_parameters":[],"input":"","kinesis_parameters":[],"retry_policy":[{"maximum_event_age_in_seconds":86400,"maximum_retry_attempts":185}],"role_arn":"arn:aws:iam::569168217550:role/eventbridge_invoke_lambda","sagemaker_pipeline_parameters":[],"sqs_parameters":[]}]},"sensitive_attributes":[],"private":"bnVsbA==","dependencies":["aws_iam_role.eventbridge_invoke_lambda","aws_iam_role.iam_for_lambda","aws_lambda_function.finance_advisor","data.aws_iam_policy_document.assume_role"]}]},{"mode":"managed","type":"cloudflare_dns_record","name":"github_challenge","provider":"provider[\"registry.opentofu.org/cloudflare/cloudflare\"]","instances":[{"schema_version":0,"attributes":{"comment":null,"comment_modified_on":null,"content":"\"47ccf526274f591887680c5d366a4e\"","created_on":"2024-04-17T00:16:05Z","data":null,"id":"1ff34c883de66669f2aca1d29127861a","meta":"{}","modified_on":"2025-06-16T22:59:51Z","name":"_github-pages-challenge-luizborgess.hlspace.org","priority":null,"proxiable":false,"proxied":false,"settings":{"flatten_cname":null,"ipv4_only":null,"ipv6_only":null},"tags":[],"tags_modified_on":null,"ttl":1,"type":"TXT","zone_id":"c8cb80ec5637bd53aa8cec679db8676c"},"sensitive_attributes":[]}]},{"mode":"managed","type":"cloudflare_dns_record","name":"hlspace_spf","provider":"provider[\"registry.opentofu.org/cloudflare/cloudflare\"]","instances":[{"schema_version":0,"attributes":{"comment":null,"comment_modified_on":null,"content":"\"v=spf1 include:_spf.mx.cloudflare.net ~all\"","created_on":"2024-05-25T17:50:24Z","data":null,"id":"89bbc16d2d60facdbe0156118d1eb561","meta":"{}","modified_on":"2024-05-25T17:50:24Z","name":"hlspace.org","priority":null,"proxiable":false,"proxied":false,"settings":{"flatten_cname":null,"ipv4_only":null,"ipv6_only":null},"tags":[],"tags_modified_on":null,"ttl":1,"type":"TXT","zone_id":"c8cb80ec5637bd53aa8cec679db8676c"},"sensitive_attributes":[]}]},{"mode":"managed","type":"cloudflare_dns_record","name":"jellyfin","provider":"provider[\"registry.opentofu.org/cloudflare/cloudflare\"]","instances":[{"schema_version":0,"attributes":{"comment":null,"comment_modified_on":null,"content":"192.168.24.10","created_on":"2025-07-28T21:53:34Z","data":null,"id":"4a06e27a3b02ff91f9bb80944fef05d7","meta":"{}","modified_on":"2025-07-28T21:53:34Z","name":"jellyfin.hlspace.org","priority":null,"proxiable":false,"proxied":false,"settings":{"flatten_cname":null,"ipv4_only":null,"ipv6_only":null},"tags":[],"tags_modified_on":null,"ttl":1,"type":"A","zone_id":"c8cb80ec5637bd53aa8cec679db8676c"},"sensitive_attributes":[]}]},{"mode":"managed","type":"cloudflare_dns_record","name":"www","provider":"provider[\"registry.opentofu.org/cloudflare/cloudflare\"]","instances":[{"schema_version":0,"attributes":{"comment":null,"comment_modified_on":null,"content":"luizborgess.github.io","created_on":"2024-04-09T22:22:13Z","data":null,"id":"93a6909dd8b598d9ffa3d19ad0775d2a","meta":"{}","modified_on":"2024-04-09T22:25:42Z","name":"www.hlspace.org","priority":null,"proxiable":true,"proxied":false,"settings":{"flatten_cname":false,"ipv4_only":null,"ipv6_only":null},"tags":[],"tags_modified_on":null,"ttl":1,"type":"CNAME","zone_id":"c8cb80ec5637bd53aa8cec679db8676c"},"sensitive_attributes":[]}]}],"check_results":null}
